
Microsoft Visual Studio Solution File, Format Version 12.00
# Visual Studio Version 16
VisualStudioVersion = 16.0.32228.343
MinimumVisualStudioVersion = 10.0.40219.1
Project("{FAE04EC0-301F-11D3-BF4B-00C04F79EFBC}") = "HosbitalManagmentSystem.UI", "HosbitalManagmentSystem.UI\HosbitalManagmentSystem.UI.csproj", "{09622AB4-A988-49CD-9A8F-4ECFA6DED4DE}"
EndProject
Project("{FAE04EC0-301F-11D3-BF4B-00C04F79EFBC}") = "HosbitalManagmentSystem.BLL", "HosbitalManagmentSystem.BLL\HosbitalManagmentSystem.BLL.csproj", "{C9392B74-C80A-40B2-ADDE-E630155195F4}"
EndProject
Global
	GlobalSection(SolutionConfigurationPlatforms) = preSolution
		Debug|Any CPU = Debug|Any CPU
		Release|Any CPU = Release|Any CPU
	EndGlobalSection
	GlobalSection(ProjectConfigurationPlatforms) = postSolution
		{09622AB4-A988-49CD-9A8F-4ECFA6DED4DE}.Debug|Any CPU.ActiveCfg = Debug|Any CPU
		{09622AB4-A988-49CD-9A8F-4ECFA6DED4DE}.Debug|Any CPU.Build.0 = Debug|Any CPU
		{09622AB4-A988-49CD-9A8F-4ECFA6DED4DE}.Release|Any CPU.ActiveCfg = Release|Any CPU
		{09622AB4-A988-49CD-9A8F-4ECFA6DED4DE}.Release|Any CPU.Build.0 = Release|Any CPU
		{C9392B74-C80A-40B2-ADDE-E630155195F4}.Debug|Any CPU.ActiveCfg = Debug|Any CPU
		{C9392B74-C80A-40B2-ADDE-E630155195F4}.Debug|Any CPU.Build.0 = Debug|Any CPU
		{C9392B74-C80A-40B2-ADDE-E630155195F4}.Release|Any CPU.ActiveCfg = Release|Any CPU
		{C9392B74-C80A-40B2-ADDE-E630155195F4}.Release|Any CPU.Build.0 = Release|Any CPU
	EndGlobalSection
	GlobalSection(SolutionProperties) = preSolution
		HideSolutionNode = FALSE
	EndGlobalSection
	GlobalSection(ExtensibilityGlobals) = postSolution
		SolutionGuid = {C3CE5440-AB73-4DD7-87D8-756EF48E3C29}
	EndGlobalSection
EndGlobal
